
Microsoft Visual Studio Solution File, Format Version 12.00
# Visual Studio Version 17
VisualStudioVersion = 17.0.31903.59
MinimumVisualStudioVersion = 10.0.40219.1
Project("{2150E333-8FDC-42A3-9474-1A3956D46DE8}") = "src", "src", "{66972575-7EE7-4B6F-BBB1-5729CB557941}"
EndProject
Project("{9A19103F-16F7-4668-BE54-9A1E7A4F7556}") = "Ventiontask.Data", "src\ventiontask.data\Ventiontask.Data.csproj", "{6E6F331C-EA9D-47D5-A906-094673EEA610}"
EndProject
Project("{9A19103F-16F7-4668-BE54-9A1E7A4F7556}") = "Ventiontask.Domain", "src\ventiontask.domain\Ventiontask.Domain.csproj", "{76C4EF58-D10C-4D31-9D68-888DB75F00A9}"
EndProject
Project("{9A19103F-16F7-4668-BE54-9A1E7A4F7556}") = "Ventiontask.Service", "src\ventiontask.service\Ventiontask.Service.csproj", "{DE07C1FA-64AD-4F5F-94AF-B5F0A9058C43}"
EndProject
Project("{9A19103F-16F7-4668-BE54-9A1E7A4F7556}") = "Ventiontask.Web", "src\ventiontask.web\Ventiontask.Web.csproj", "{16749F48-2420-4C2B-A319-BCF37719F21A}"
EndProject
Global
	GlobalSection(SolutionConfigurationPlatforms) = preSolution
		Debug|Any CPU = Debug|Any CPU
		Release|Any CPU = Release|Any CPU
	EndGlobalSection
	GlobalSection(ProjectConfigurationPlatforms) = postSolution
		{6E6F331C-EA9D-47D5-A906-094673EEA610}.Debug|Any CPU.ActiveCfg = Debug|Any CPU
		{6E6F331C-EA9D-47D5-A906-094673EEA610}.Debug|Any CPU.Build.0 = Debug|Any CPU
		{6E6F331C-EA9D-47D5-A906-094673EEA610}.Release|Any CPU.ActiveCfg = Release|Any CPU
		{6E6F331C-EA9D-47D5-A906-094673EEA610}.Release|Any CPU.Build.0 = Release|Any CPU
		{76C4EF58-D10C-4D31-9D68-888DB75F00A9}.Debug|Any CPU.ActiveCfg = Debug|Any CPU
		{76C4EF58-D10C-4D31-9D68-888DB75F00A9}.Debug|Any CPU.Build.0 = Debug|Any CPU
		{76C4EF58-D10C-4D31-9D68-888DB75F00A9}.Release|Any CPU.ActiveCfg = Release|Any CPU
		{76C4EF58-D10C-4D31-9D68-888DB75F00A9}.Release|Any CPU.Build.0 = Release|Any CPU
		{DE07C1FA-64AD-4F5F-94AF-B5F0A9058C43}.Debug|Any CPU.ActiveCfg = Debug|Any CPU
		{DE07C1FA-64AD-4F5F-94AF-B5F0A9058C43}.Debug|Any CPU.Build.0 = Debug|Any CPU
		{DE07C1FA-64AD-4F5F-94AF-B5F0A9058C43}.Release|Any CPU.ActiveCfg = Release|Any CPU
		{DE07C1FA-64AD-4F5F-94AF-B5F0A9058C43}.Release|Any CPU.Build.0 = Release|Any CPU
		{16749F48-2420-4C2B-A319-BCF37719F21A}.Debug|Any CPU.ActiveCfg = Debug|Any CPU
		{16749F48-2420-4C2B-A319-BCF37719F21A}.Debug|Any CPU.Build.0 = Debug|Any CPU
		{16749F48-2420-4C2B-A319-BCF37719F21A}.Release|Any CPU.ActiveCfg = Release|Any CPU
		{16749F48-2420-4C2B-A319-BCF37719F21A}.Release|Any CPU.Build.0 = Release|Any CPU
	EndGlobalSection
	GlobalSection(SolutionProperties) = preSolution
		HideSolutionNode = FALSE
	EndGlobalSection
	GlobalSection(NestedProjects) = preSolution
		{6E6F331C-EA9D-47D5-A906-094673EEA610} = {66972575-7EE7-4B6F-BBB1-5729CB557941}
		{76C4EF58-D10C-4D31-9D68-888DB75F00A9} = {66972575-7EE7-4B6F-BBB1-5729CB557941}
		{DE07C1FA-64AD-4F5F-94AF-B5F0A9058C43} = {66972575-7EE7-4B6F-BBB1-5729CB557941}
		{16749F48-2420-4C2B-A319-BCF37719F21A} = {66972575-7EE7-4B6F-BBB1-5729CB557941}
	EndGlobalSection
	GlobalSection(ExtensibilityGlobals) = postSolution
		SolutionGuid = {2171BED3-C626-4AEF-BB3C-D869380A4920}
	EndGlobalSection
EndGlobal
